// !$*UTF8*$!
{
	archiveVersion = 1;
	classes = {
	};
	objectVersion = 46;
	objects = {

/* Begin PBXBuildFile section */
		935790D21E2E765900D2C584 /* AppDelegate.swift in Sources */ = {isa = PBXBuildFile; fileRef = 935790D11E2E765900D2C584 /* AppDelegate.swift */; };
		935790D41E2E765900D2C584 /* ViewController.swift in Sources */ = {isa = PBXBuildFile; fileRef = 935790D31E2E765900D2C584 /* ViewController.swift */; };
		935790D71E2E765900D2C584 /* Main.storyboard in Resources */ = {isa = PBXBuildFile; fileRef = 935790D51E2E765900D2C584 /* Main.storyboard */; };
		935790D91E2E765900D2C584 /* Assets.xcassets in Resources */ = {isa = PBXBuildFile; fileRef = 935790D81E2E765900D2C584 /* Assets.xcassets */; };
		935790DC1E2E765900D2C584 /* LaunchScreen.storyboard in Resources */ = {isa = PBXBuildFile; fileRef = 935790DA1E2E765900D2C584 /* LaunchScreen.storyboard */; };
		935790E71E2E79C800D2C584 /* CircleButton.swift in Sources */ = {isa = PBXBuildFile; fileRef = 935790E61E2E79C800D2C584 /* CircleButton.swift */; };
		935790E91E2E7F2900D2C584 /* test.m4a in Resources */ = {isa = PBXBuildFile; fileRef = 935790E81E2E7F2900D2C584 /* test.m4a */; };
/* End PBXBuildFile section */

/* Begin PBXFileReference section */
		935790CE1E2E765900D2C584 /* Scribe.app */ = {isa = PBXFileReference; explicitFileType = wrapper.application; includeInIndex = 0; path = Scribe.app; sourceTree = BUILT_PRODUCTS_DIR; };
		935790D11E2E765900D2C584 /* AppDelegate.swift */ = {isa = PBXFileReference; lastKnownFileType = sourcecode.swift; path = AppDelegate.swift; sourceTree = "<group>"; };
		935790D31E2E765900D2C584 /* ViewController.swift */ = {isa = PBXFileReference; lastKnownFileType = sourcecode.swift; path = ViewController.swift; sourceTree = "<group>"; };
		935790D61E2E765900D2C584 /* Base */ = {isa = PBXFileReference; lastKnownFileType = file.storyboard; name = Base; path = Base.lproj/Main.storyboard; sourceTree = "<group>"; };
		935790D81E2E765900D2C584 /* Assets.xcassets */ = {isa = PBXFileReference; lastKnownFileType = folder.assetcatalog; path = Assets.xcassets; sourceTree = "<group>"; };
		935790DB1E2E765900D2C584 /* Base */ = {isa = PBXFileReference; lastKnownFileType = file.storyboard; name = Base; path = Base.lproj/LaunchScreen.storyboard; sourceTree = "<group>"; };
		935790DD1E2E765900D2C584 /* Info.plist */ = {isa = PBXFileReference; lastKnownFileType = text.plist.xml; path = Info.plist; sourceTree = "<group>"; };
		935790E61E2E79C800D2C584 /* CircleButton.swift */ = {isa = PBXFileReference; fileEncoding = 4; lastKnownFileType = sourcecode.swift; path = CircleButton.swift; sourceTree = "<group>"; };
		935790E81E2E7F2900D2C584 /* test.m4a */ = {isa = PBXFileReference; lastKnownFileType = file; path = test.m4a; sourceTree = "<group>"; };
/* End PBXFileReference section */

/* Begin PBXFrameworksBuildPhase section */
		935790CB1E2E765900D2C584 /* Frameworks */ = {
			isa = PBXFrameworksBuildPhase;
			buildActionMask = 2147483647;
			files = (
			);
			runOnlyForDeploymentPostprocessing = 0;
		};
/* End PBXFrameworksBuildPhase section */

/* Begin PBXGroup section */
		935790C51E2E765900D2C584 = {
			isa = PBXGroup;
			children = (
				935790D01E2E765900D2C584 /* Scribe */,
				935790CF1E2E765900D2C584 /* Products */,
			);
			sourceTree = "<group>";
		};
		935790CF1E2E765900D2C584 /* Products */ = {
			isa = PBXGroup;
			children = (
				935790CE1E2E765900D2C584 /* Scribe.app */,
			);
			name = Products;
			sourceTree = "<group>";
		};
		935790D01E2E765900D2C584 /* Scribe */ = {
			isa = PBXGroup;
			children = (
				935790EA1E2E7F2F00D2C584 /* Resources */,
				935790E31E2E796600D2C584 /* Model */,
				935790E41E2E796F00D2C584 /* View */,
				935790E51E2E797800D2C584 /* Controller */,
				935790D11E2E765900D2C584 /* AppDelegate.swift */,
				935790D51E2E765900D2C584 /* Main.storyboard */,
				935790D81E2E765900D2C584 /* Assets.xcassets */,
				935790DA1E2E765900D2C584 /* LaunchScreen.storyboard */,
				935790DD1E2E765900D2C584 /* Info.plist */,
			);
			path = Scribe;
			sourceTree = "<group>";
		};
		935790E31E2E796600D2C584 /* Model */ = {
			isa = PBXGroup;
			children = (
			);
			name = Model;
			sourceTree = "<group>";
		};
		935790E41E2E796F00D2C584 /* View */ = {
			isa = PBXGroup;
			children = (
				935790E61E2E79C800D2C584 /* CircleButton.swift */,
			);
			name = View;
			sourceTree = "<group>";
		};
		935790E51E2E797800D2C584 /* Controller */ = {
			isa = PBXGroup;
			children = (
				935790D31E2E765900D2C584 /* ViewController.swift */,
			);
			name = Controller;
			sourceTree = "<group>";
		};
		935790EA1E2E7F2F00D2C584 /* Resources */ = {
			isa = PBXGroup;
			children = (
				935790E81E2E7F2900D2C584 /* test.m4a */,
			);
			name = Resources;
			sourceTree = "<group>";
		};
/* End PBXGroup section */

/* Begin PBXNativeTarget section */
		935790CD1E2E765900D2C584 /* Scribe */ = {
			isa = PBXNativeTarget;
			buildConfigurationList = 935790E01E2E765900D2C584 /* Build configuration list for PBXNativeTarget "Scribe" */;
			buildPhases = (
				935790CA1E2E765900D2C584 /* Sources */,
				935790CB1E2E765900D2C584 /* Frameworks */,
				935790CC1E2E765900D2C584 /* Resources */,
			);
			buildRules = (
			);
			dependencies = (
			);
			name = Scribe;
			productName = Scribe;
			productReference = 935790CE1E2E765900D2C584 /* Scribe.app */;
			productType = "com.apple.product-type.application";
		};
/* End PBXNativeTarget section */

/* Begin PBXProject section */
		935790C61E2E765900D2C584 /* Project object */ = {
			isa = PBXProject;
			attributes = {
				LastSwiftUpdateCheck = 0820;
				LastUpgradeCheck = 0820;
				ORGANIZATIONNAME = YauheniIvaniuk;
				TargetAttributes = {
					935790CD1E2E765900D2C584 = {
						CreatedOnToolsVersion = 8.2;
						DevelopmentTeam = P2GURVV2B3;
						ProvisioningStyle = Automatic;
					};
				};
			};
			buildConfigurationList = 935790C91E2E765900D2C584 /* Build configuration list for PBXProject "Scribe" */;
			compatibilityVersion = "Xcode 3.2";
			developmentRegion = English;
			hasScannedForEncodings = 0;
			knownRegions = (
				en,
				Base,
			);
			mainGroup = 935790C51E2E765900D2C584;
			productRefGroup = 935790CF1E2E765900D2C584 /* Products */;
			projectDirPath = "";
			projectRoot = "";
			targets = (
				935790CD1E2E765900D2C584 /* Scribe */,
			);
		};
/* End PBXProject section */

/* Begin PBXResourcesBuildPhase section */
		935790CC1E2E765900D2C584 /* Resources */ = {
			isa = PBXResourcesBuildPhase;
			buildActionMask = 2147483647;
			files = (
				935790E91E2E7F2900D2C584 /* test.m4a in Resources */,
				935790DC1E2E765900D2C584 /* LaunchScreen.storyboard in Resources */,
				935790D91E2E765900D2C584 /* Assets.xcassets in Resources */,
				935790D71E2E765900D2C584 /* Main.storyboard in Resources */,
			);
			runOnlyForDeploymentPostprocessing = 0;
		};
/* End PBXResourcesBuildPhase section */

/* Begin PBXSourcesBuildPhase section */
		935790CA1E2E765900D2C584 /* Sources */ = {
			isa = PBXSourcesBuildPhase;
			buildActionMask = 2147483647;
			files = (
				935790E71E2E79C800D2C584 /* CircleButton.swift in Sources */,
				935790D41E2E765900D2C584 /* ViewController.swift in Sources */,
				935790D21E2E765900D2C584 /* AppDelegate.swift in Sources */,
			);
			runOnlyForDeploymentPostprocessing = 0;
		};
/* End PBXSourcesBuildPhase section */

/* Begin PBXVariantGroup section */
		935790D51E2E765900D2C584 /* Main.storyboard */ = {
			isa = PBXVariantGroup;
			children = (
				935790D61E2E765900D2C584 /* Base */,
			);
			name = Main.storyboard;
			sourceTree = "<group>";
		};
		935790DA1E2E765900D2C584 /* LaunchScreen.storyboard */ = {
			isa = PBXVariantGroup;
			children = (
				935790DB1E2E765900D2C584 /* Base */,
			);
			name = LaunchScreen.storyboard;
			sourceTree = "<group>";
		};
/* End PBXVariantGroup section */

/* Begin XCBuildConfiguration section */
		935790DE1E2E765900D2C584 /* Debug */ = {
			isa = XCBuildConfiguration;
			buildSettings = {
				ALWAYS_SEARCH_USER_PATHS = NO;
				CLANG_ANALYZER_NONNULL = YES;
				CLANG_CXX_LANGUAGE_STANDARD = "gnu++0x";
				CLANG_CXX_LIBRARY = "libc++";
				CLANG_ENABLE_MODULES = YES;
				CLANG_ENABLE_OBJC_ARC = YES;
				CLANG_WARN_BOOL_CONVERSION = YES;
				CLANG_WARN_CONSTANT_CONVERSION = YES;
				CLANG_WARN_DIRECT_OBJC_ISA_USAGE = YES_ERROR;
				CLANG_WARN_DOCUMENTATION_COMMENTS = YES;
				CLANG_WARN_EMPTY_BODY = YES;
				CLANG_WARN_ENUM_CONVERSION = YES;
				CLANG_WARN_INFINITE_RECURSION = YES;
				CLANG_WARN_INT_CONVERSION = YES;
				CLANG_WARN_OBJC_ROOT_CLASS = YES_ERROR;
				CLANG_WARN_SUSPICIOUS_MOVE = YES;
				CLANG_WARN_UNREACHABLE_CODE = YES;
				CLANG_WARN__DUPLICATE_METHOD_MATCH = YES;
				"CODE_SIGN_IDENTITY[sdk=iphoneos*]" = "iPhone Developer";
				COPY_PHASE_STRIP = NO;
				DEBUG_INFORMATION_FORMAT = dwarf;
				ENABLE_STRICT_OBJC_MSGSEND = YES;
				ENABLE_TESTABILITY = YES;
				GCC_C_LANGUAGE_STANDARD = gnu99;
				GCC_DYNAMIC_NO_PIC = NO;
				GCC_NO_COMMON_BLOCKS = YES;
				GCC_OPTIMIZATION_LEVEL = 0;
				GCC_PREPROCESSOR_DEFINITIONS = (
					"DEBUG=1",
					"$(inherited)",
				);
				GCC_WARN_64_TO_32_BIT_CONVERSION = YES;
				GCC_WARN_ABOUT_RETURN_TYPE = YES_ERROR;
				GCC_WARN_UNDECLARED_SELECTOR = YES;
				GCC_WARN_UNINITIALIZED_AUTOS = YES_AGGRESSIVE;
				GCC_WARN_UNUSED_FUNCTION = YES;
				GCC_WARN_UNUSED_VARIABLE = YES;
				IPHONEOS_DEPLOYMENT_TARGET = 10.2;
				MTL_ENABLE_DEBUG_INFO = YES;
				ONLY_ACTIVE_ARCH = YES;
				SDKROOT = iphoneos;
				SWIFT_ACTIVE_COMPILATION_CONDITIONS = DEBUG;
				SWIFT_OPTIMIZATION_LEVEL = "-Onone";
				TARGETED_DEVICE_FAMILY = "1,2";
			};
			name = Debug;
		};
		935790DF1E2E765900D2C584 /* Release */ = {
			isa = XCBuildConfiguration;
			buildSettings = {
				ALWAYS_SEARCH_USER_PATHS = NO;
				CLANG_ANALYZER_NONNULL = YES;
				CLANG_CXX_LANGUAGE_STANDARD = "gnu++0x";
				CLANG_CXX_LIBRARY = "libc++";
				CLANG_ENABLE_MODULES = YES;
				CLANG_ENABLE_OBJC_ARC = YES;
				CLANG_WARN_BOOL_CONVERSION = YES;
				CLANG_WARN_CONSTANT_CONVERSION = YES;
				CLANG_WARN_DIRECT_OBJC_ISA_USAGE = YES_ERROR;
				CLANG_WARN_DOCUMENTATION_COMMENTS = YES;
				CLANG_WARN_EMPTY_BODY = YES;
				CLANG_WARN_ENUM_CONVERSION = YES;
				CLANG_WARN_INFINITE_RECURSION = YES;
				CLANG_WARN_INT_CONVERSION = YES;
				CLANG_WARN_OBJC_ROOT_CLASS = YES_ERROR;
				CLANG_WARN_SUSPICIOUS_MOVE = YES;
				CLANG_WARN_UNREACHABLE_CODE = YES;
				CLANG_WARN__DUPLICATE_METHOD_MATCH = YES;
				"CODE_SIGN_IDENTITY[sdk=iphoneos*]" = "iPhone Developer";
				COPY_PHASE_STRIP = NO;
				DEBUG_INFORMATION_FORMAT = "dwarf-with-dsym";
				ENABLE_NS_ASSERTIONS = NO;
				ENABLE_STRICT_OBJC_MSGSEND = YES;
				GCC_C_LANGUAGE_STANDARD = gnu99;
				GCC_NO_COMMON_BLOCKS = YES;
				GCC_WARN_64_TO_32_BIT_CONVERSION = YES;
				GCC_WARN_ABOUT_RETURN_TYPE = YES_ERROR;
				GCC_WARN_UNDECLARED_SELECTOR = YES;
				GCC_WARN_UNINITIALIZED_AUTOS = YES_AGGRESSIVE;
				GCC_WARN_UNUSED_FUNCTION = YES;
				GCC_WARN_UNUSED_VARIABLE = YES;
				IPHONEOS_DEPLOYMENT_TARGET = 10.2;
				MTL_ENABLE_DEBUG_INFO = NO;
				SDKROOT = iphoneos;
				SWIFT_OPTIMIZATION_LEVEL = "-Owholemodule";
				TARGETED_DEVICE_FAMILY = "1,2";
				VALIDATE_PRODUCT = YES;
			};
			name = Release;
		};
		935790E11E2E765900D2C584 /* Debug */ = {
			isa = XCBuildConfiguration;
			buildSettings = {
				ASSETCATALOG_COMPILER_APPICON_NAME = AppIcon;
				DEVELOPMENT_TEAM = P2GURVV2B3;
				INFOPLIST_FILE = Scribe/Info.plist;
				LD_RUNPATH_SEARCH_PATHS = "$(inherited) @executable_path/Frameworks";
				PRODUCT_BUNDLE_IDENTIFIER = com.YauheniIvaniuk.Scribe;
				PRODUCT_NAME = "$(TARGET_NAME)";
				SWIFT_VERSION = 3.0;
			};
			name = Debug;
		};
		935790E21E2E765900D2C584 /* Release */ = {
			isa = XCBuildConfiguration;
			buildSettings = {
				ASSETCATALOG_COMPILER_APPICON_NAME = AppIcon;
				DEVELOPMENT_TEAM = P2GURVV2B3;
				INFOPLIST_FILE = Scribe/Info.plist;
				LD_RUNPATH_SEARCH_PATHS = "$(inherited) @executable_path/Frameworks";
				PRODUCT_BUNDLE_IDENTIFIER = com.YauheniIvaniuk.Scribe;
				PRODUCT_NAME = "$(TARGET_NAME)";
				SWIFT_VERSION = 3.0;
			};
			name = Release;
		};
/* End XCBuildConfiguration section */

/* Begin XCConfigurationList section */
		935790C91E2E765900D2C584 /* Build configuration list for PBXProject "Scribe" */ = {
			isa = XCConfigurationList;
			buildConfigurations = (
				935790DE1E2E765900D2C584 /* Debug */,
				935790DF1E2E765900D2C584 /* Release */,
			);
			defaultConfigurationIsVisible = 0;
			defaultConfigurationName = Release;
		};
		935790E01E2E765900D2C584 /* Build configuration list for PBXNativeTarget "Scribe" */ = {
			isa = XCConfigurationList;
			buildConfigurations = (
				935790E11E2E765900D2C584 /* Debug */,
				935790E21E2E765900D2C584 /* Release */,
			);
			defaultConfigurationIsVisible = 0;
		};
/* End XCConfigurationList section */
	};
	rootObject = 935790C61E2E765900D2C584 /* Project object */;
}
